// !$*UTF8*$!
{
	archiveVersion = 1;
	classes = {
	};
	objectVersion = 46;
	objects = {

/* Begin PBXBuildFile section */
		6C5AF45A1EEEE75B00860330 /* Example_Quadratic(lib).cpp in Sources */ = {isa = PBXBuildFile; fileRef = 6C5AF4591EEEE75B00860330 /* Example_Quadratic(lib).cpp */; };
		6C5AF45B1EEEE7E200860330 /* error.cpp in Sources */ = {isa = PBXBuildFile; fileRef = 6C5AF4561EEEDAF200860330 /* error.cpp */; };
/* End PBXBuildFile section */

/* Begin PBXCopyFilesBuildPhase section */
		6C0295B71EDC83AD000FE928 /* CopyFiles */ = {
			isa = PBXCopyFilesBuildPhase;
			buildActionMask = 2147483647;
			dstPath = /usr/share/man/man1/;
			dstSubfolderSpec = 0;
			files = (
			);
			runOnlyForDeploymentPostprocessing = 1;
		};
/* End PBXCopyFilesBuildPhase section */

/* Begin PBXFileReference section */
		6C0295B91EDC83AD000FE928 /* Main */ = {isa = PBXFileReference; explicitFileType = "compiled.mach-o.executable"; includeInIndex = 0; path = Main; sourceTree = BUILT_PRODUCTS_DIR; };
		6C0295BC1EDC83AD000FE928 /* Example_HelloWorld.cpp */ = {isa = PBXFileReference; lastKnownFileType = sourcecode.cpp.cpp; name = Example_HelloWorld.cpp; path = "../Prog Abs/Example_HelloWorld.cpp"; sourceTree = "<group>"; };
		6C0295C31EDC866C000FE928 /* Example_StructureExample.cpp */ = {isa = PBXFileReference; fileEncoding = 4; lastKnownFileType = sourcecode.cpp.cpp; name = Example_StructureExample.cpp; path = "../Prog Abs/Example_StructureExample.cpp"; sourceTree = "<group>"; };
		6C0295C71EDC9170000FE928 /* Example_AddThreeNumbers.cpp */ = {isa = PBXFileReference; fileEncoding = 4; lastKnownFileType = sourcecode.cpp.cpp; name = Example_AddThreeNumbers.cpp; path = "../Prog Abs/Example_AddThreeNumbers.cpp"; sourceTree = "<group>"; };
		6C5AF3931EECAB6700860330 /* Example_Combinations.cpp */ = {isa = PBXFileReference; lastKnownFileType = sourcecode.cpp.cpp; path = Example_Combinations.cpp; sourceTree = "<group>"; };
		6C5AF4541EEE039700860330 /* Example_Quadratic.cpp */ = {isa = PBXFileReference; fileEncoding = 4; lastKnownFileType = sourcecode.cpp.cpp; path = Example_Quadratic.cpp; sourceTree = "<group>"; };
		6C5AF4561EEEDAF200860330 /* error.cpp */ = {isa = PBXFileReference; fileEncoding = 4; lastKnownFileType = sourcecode.cpp.cpp; path = error.cpp; sourceTree = "<group>"; };
		6C5AF4571EEEDAF200860330 /* error.hpp */ = {isa = PBXFileReference; fileEncoding = 4; lastKnownFileType = sourcecode.cpp.h; path = error.hpp; sourceTree = "<group>"; };
		6C5AF4591EEEE75B00860330 /* Example_Quadratic(lib).cpp */ = {isa = PBXFileReference; fileEncoding = 4; lastKnownFileType = sourcecode.cpp.cpp; path = "Example_Quadratic(lib).cpp"; sourceTree = "<group>"; };
		6CD02DBF1EE4515300971EE3 /* Example_AddIntegers.cpp */ = {isa = PBXFileReference; fileEncoding = 4; lastKnownFileType = sourcecode.cpp.cpp; name = Example_AddIntegers.cpp; path = "../Prog Abs/Example_AddIntegers.cpp"; sourceTree = "<group>"; };
		6CD02DC31EE5A31300971EE3 /* P1.cpp */ = {isa = PBXFileReference; fileEncoding = 4; lastKnownFileType = sourcecode.cpp.cpp; name = P1.cpp; path = "../Prog Abs/P1.cpp"; sourceTree = "<group>"; };
		6CD02DC51EE5A33C00971EE3 /* P2.cpp */ = {isa = PBXFileReference; fileEncoding = 4; lastKnownFileType = sourcecode.cpp.cpp; name = P2.cpp; path = "../Prog Abs/P2.cpp"; sourceTree = "<group>"; };
		6CD02DC71EE5A34E00971EE3 /* P3.cpp */ = {isa = PBXFileReference; fileEncoding = 4; lastKnownFileType = sourcecode.cpp.cpp; name = P3.cpp; path = "../Prog Abs/P3.cpp"; sourceTree = "<group>"; };
		6CD02DC91EE5A35B00971EE3 /* P4.cpp */ = {isa = PBXFileReference; fileEncoding = 4; lastKnownFileType = sourcecode.cpp.cpp; name = P4.cpp; path = "../Prog Abs/P4.cpp"; sourceTree = "<group>"; };
		6CD02DCB1EE5A36900971EE3 /* P5.cpp */ = {isa = PBXFileReference; fileEncoding = 4; lastKnownFileType = sourcecode.cpp.cpp; name = P5.cpp; path = "../Prog Abs/P5.cpp"; sourceTree = "<group>"; };
		6CD02DCD1EE5A37200971EE3 /* P6.cpp */ = {isa = PBXFileReference; fileEncoding = 4; lastKnownFileType = sourcecode.cpp.cpp; name = P6.cpp; path = "../Prog Abs/P6.cpp"; sourceTree = "<group>"; };
		6CD02DCF1EE5A37D00971EE3 /* P7.cpp */ = {isa = PBXFileReference; fileEncoding = 4; lastKnownFileType = sourcecode.cpp.cpp; name = P7.cpp; path = "../Prog Abs/P7.cpp"; sourceTree = "<group>"; };
		6CD02DD11EE5A38800971EE3 /* P8.cpp */ = {isa = PBXFileReference; fileEncoding = 4; lastKnownFileType = sourcecode.cpp.cpp; name = P8.cpp; path = "../Prog Abs/P8.cpp"; sourceTree = "<group>"; };
		6CD02DD31EE5A39000971EE3 /* P9.cpp */ = {isa = PBXFileReference; fileEncoding = 4; lastKnownFileType = sourcecode.cpp.cpp; name = P9.cpp; path = "../Prog Abs/P9.cpp"; sourceTree = "<group>"; };
		6CD02DD51EE5A39800971EE3 /* P10.cpp */ = {isa = PBXFileReference; fileEncoding = 4; lastKnownFileType = sourcecode.cpp.cpp; name = P10.cpp; path = "../Prog Abs/P10.cpp"; sourceTree = "<group>"; };
		6CD02DD71EE5A3A200971EE3 /* P11.cpp */ = {isa = PBXFileReference; fileEncoding = 4; lastKnownFileType = sourcecode.cpp.cpp; name = P11.cpp; path = "../Prog Abs/P11.cpp"; sourceTree = "<group>"; };
		6CD02DD91EE5A3AD00971EE3 /* P12.cpp */ = {isa = PBXFileReference; fileEncoding = 4; lastKnownFileType = sourcecode.cpp.cpp; name = P12.cpp; path = "../Prog Abs/P12.cpp"; sourceTree = "<group>"; };
/* End PBXFileReference section */

/* Begin PBXFrameworksBuildPhase section */
		6C0295B61EDC83AD000FE928 /* Frameworks */ = {
			isa = PBXFrameworksBuildPhase;
			buildActionMask = 2147483647;
			files = (
			);
			runOnlyForDeploymentPostprocessing = 0;
		};
/* End PBXFrameworksBuildPhase section */

/* Begin PBXGroup section */
		6C0295B01EDC83AD000FE928 = {
			isa = PBXGroup;
			children = (
				6C5AF3871EECA8B100860330 /* Chapter 1 */,
				6C5AF3921EECAB6700860330 /* Chapter 2 */,
				6C0295BA1EDC83AD000FE928 /* Products */,
			);
			sourceTree = "<group>";
		};
		6C0295BA1EDC83AD000FE928 /* Products */ = {
			isa = PBXGroup;
			children = (
				6C0295B91EDC83AD000FE928 /* Main */,
			);
			name = Products;
			sourceTree = "<group>";
		};
		6C5AF3871EECA8B100860330 /* Chapter 1 */ = {
			isa = PBXGroup;
			children = (
				6CD02DBF1EE4515300971EE3 /* Example_AddIntegers.cpp */,
				6C0295BC1EDC83AD000FE928 /* Example_HelloWorld.cpp */,
				6C0295C31EDC866C000FE928 /* Example_StructureExample.cpp */,
				6C0295C71EDC9170000FE928 /* Example_AddThreeNumbers.cpp */,
				6CD02DC31EE5A31300971EE3 /* P1.cpp */,
				6CD02DC51EE5A33C00971EE3 /* P2.cpp */,
				6CD02DC71EE5A34E00971EE3 /* P3.cpp */,
				6CD02DC91EE5A35B00971EE3 /* P4.cpp */,
				6CD02DCB1EE5A36900971EE3 /* P5.cpp */,
				6CD02DCD1EE5A37200971EE3 /* P6.cpp */,
				6CD02DCF1EE5A37D00971EE3 /* P7.cpp */,
				6CD02DD11EE5A38800971EE3 /* P8.cpp */,
				6CD02DD31EE5A39000971EE3 /* P9.cpp */,
				6CD02DD51EE5A39800971EE3 /* P10.cpp */,
				6CD02DD71EE5A3A200971EE3 /* P11.cpp */,
				6CD02DD91EE5A3AD00971EE3 /* P12.cpp */,
			);
			path = "Chapter 1";
			sourceTree = "<group>";
		};
		6C5AF3921EECAB6700860330 /* Chapter 2 */ = {
			isa = PBXGroup;
			children = (
				6C5AF3931EECAB6700860330 /* Example_Combinations.cpp */,
				6C5AF4541EEE039700860330 /* Example_Quadratic.cpp */,
				6C5AF4591EEEE75B00860330 /* Example_Quadratic(lib).cpp */,
				6C5AF4561EEEDAF200860330 /* error.cpp */,
				6C5AF4571EEEDAF200860330 /* error.hpp */,
			);
			path = "Chapter 2";
			sourceTree = "<group>";
		};
/* End PBXGroup section */

/* Begin PBXNativeTarget section */
		6C0295B81EDC83AD000FE928 /* Main */ = {
			isa = PBXNativeTarget;
			buildConfigurationList = 6C0295C01EDC83AD000FE928 /* Build configuration list for PBXNativeTarget "Main" */;
			buildPhases = (
				6C0295B51EDC83AD000FE928 /* Sources */,
				6C0295B61EDC83AD000FE928 /* Frameworks */,
				6C0295B71EDC83AD000FE928 /* CopyFiles */,
			);
			buildRules = (
			);
			dependencies = (
			);
			name = Main;
			productName = "Prog Abs";
			productReference = 6C0295B91EDC83AD000FE928 /* Main */;
			productType = "com.apple.product-type.tool";
		};
/* End PBXNativeTarget section */

/* Begin PBXProject section */
		6C0295B11EDC83AD000FE928 /* Project object */ = {
			isa = PBXProject;
			attributes = {
				LastUpgradeCheck = 0820;
				ORGANIZATIONNAME = "Francisco Utrera";
				TargetAttributes = {
					6C0295B81EDC83AD000FE928 = {
						CreatedOnToolsVersion = 8.2.1;
						ProvisioningStyle = Automatic;
					};
				};
			};
			buildConfigurationList = 6C0295B41EDC83AD000FE928 /* Build configuration list for PBXProject "Prog Abs" */;
			compatibilityVersion = "Xcode 3.2";
			developmentRegion = English;
			hasScannedForEncodings = 0;
			knownRegions = (
				en,
			);
			mainGroup = 6C0295B01EDC83AD000FE928;
			productRefGroup = 6C0295BA1EDC83AD000FE928 /* Products */;
			projectDirPath = "";
			projectRoot = "";
			targets = (
				6C0295B81EDC83AD000FE928 /* Main */,
			);
		};
/* End PBXProject section */

/* Begin PBXSourcesBuildPhase section */
		6C0295B51EDC83AD000FE928 /* Sources */ = {
			isa = PBXSourcesBuildPhase;
			buildActionMask = 2147483647;
			files = (
				6C5AF45B1EEEE7E200860330 /* error.cpp in Sources */,
				6C5AF45A1EEEE75B00860330 /* Example_Quadratic(lib).cpp in Sources */,
			);
			runOnlyForDeploymentPostprocessing = 0;
		};
/* End PBXSourcesBuildPhase section */

/* Begin XCBuildConfiguration section */
		6C0295BE1EDC83AD000FE928 /* Debug */ = {
			isa = XCBuildConfiguration;
			buildSettings = {
				ALWAYS_SEARCH_USER_PATHS = NO;
				CLANG_ANALYZER_NONNULL = YES;
				CLANG_CXX_LANGUAGE_STANDARD = "gnu++0x";
				CLANG_CXX_LIBRARY = "libc++";
				CLANG_ENABLE_MODULES = YES;
				CLANG_ENABLE_OBJC_ARC = YES;
				CLANG_WARN_BOOL_CONVERSION = YES;
				CLANG_WARN_CONSTANT_CONVERSION = YES;
				CLANG_WARN_DIRECT_OBJC_ISA_USAGE = YES_ERROR;
				CLANG_WARN_DOCUMENTATION_COMMENTS = YES;
				CLANG_WARN_EMPTY_BODY = YES;
				CLANG_WARN_ENUM_CONVERSION = YES;
				CLANG_WARN_INFINITE_RECURSION = YES;
				CLANG_WARN_INT_CONVERSION = YES;
				CLANG_WARN_OBJC_ROOT_CLASS = YES_ERROR;
				CLANG_WARN_SUSPICIOUS_MOVE = YES;
				CLANG_WARN_UNREACHABLE_CODE = YES;
				CLANG_WARN__DUPLICATE_METHOD_MATCH = YES;
				CODE_SIGN_IDENTITY = "-";
				COPY_PHASE_STRIP = NO;
				DEBUG_INFORMATION_FORMAT = dwarf;
				ENABLE_STRICT_OBJC_MSGSEND = YES;
				ENABLE_TESTABILITY = YES;
				GCC_C_LANGUAGE_STANDARD = gnu99;
				GCC_DYNAMIC_NO_PIC = NO;
				GCC_NO_COMMON_BLOCKS = YES;
				GCC_OPTIMIZATION_LEVEL = 0;
				GCC_PREPROCESSOR_DEFINITIONS = (
					"DEBUG=1",
					"$(inherited)",
				);
				GCC_WARN_64_TO_32_BIT_CONVERSION = YES;
				GCC_WARN_ABOUT_RETURN_TYPE = YES_ERROR;
				GCC_WARN_UNDECLARED_SELECTOR = YES;
				GCC_WARN_UNINITIALIZED_AUTOS = YES_AGGRESSIVE;
				GCC_WARN_UNUSED_FUNCTION = YES;
				GCC_WARN_UNUSED_VARIABLE = YES;
				MACOSX_DEPLOYMENT_TARGET = 10.11;
				MTL_ENABLE_DEBUG_INFO = YES;
				ONLY_ACTIVE_ARCH = YES;
				SDKROOT = macosx;
			};
			name = Debug;
		};
		6C0295BF1EDC83AD000FE928 /* Release */ = {
			isa = XCBuildConfiguration;
			buildSettings = {
				ALWAYS_SEARCH_USER_PATHS = NO;
				CLANG_ANALYZER_NONNULL = YES;
				CLANG_CXX_LANGUAGE_STANDARD = "gnu++0x";
				CLANG_CXX_LIBRARY = "libc++";
				CLANG_ENABLE_MODULES = YES;
				CLANG_ENABLE_OBJC_ARC = YES;
				CLANG_WARN_BOOL_CONVERSION = YES;
				CLANG_WARN_CONSTANT_CONVERSION = YES;
				CLANG_WARN_DIRECT_OBJC_ISA_USAGE = YES_ERROR;
				CLANG_WARN_DOCUMENTATION_COMMENTS = YES;
				CLANG_WARN_EMPTY_BODY = YES;
				CLANG_WARN_ENUM_CONVERSION = YES;
				CLANG_WARN_INFINITE_RECURSION = YES;
				CLANG_WARN_INT_CONVERSION = YES;
				CLANG_WARN_OBJC_ROOT_CLASS = YES_ERROR;
				CLANG_WARN_SUSPICIOUS_MOVE = YES;
				CLANG_WARN_UNREACHABLE_CODE = YES;
				CLANG_WARN__DUPLICATE_METHOD_MATCH = YES;
				CODE_SIGN_IDENTITY = "-";
				COPY_PHASE_STRIP = NO;
				DEBUG_INFORMATION_FORMAT = "dwarf-with-dsym";
				ENABLE_NS_ASSERTIONS = NO;
				ENABLE_STRICT_OBJC_MSGSEND = YES;
				GCC_C_LANGUAGE_STANDARD = gnu99;
				GCC_NO_COMMON_BLOCKS = YES;
				GCC_WARN_64_TO_32_BIT_CONVERSION = YES;
				GCC_WARN_ABOUT_RETURN_TYPE = YES_ERROR;
				GCC_WARN_UNDECLARED_SELECTOR = YES;
				GCC_WARN_UNINITIALIZED_AUTOS = YES_AGGRESSIVE;
				GCC_WARN_UNUSED_FUNCTION = YES;
				GCC_WARN_UNUSED_VARIABLE = YES;
				MACOSX_DEPLOYMENT_TARGET = 10.11;
				MTL_ENABLE_DEBUG_INFO = NO;
				SDKROOT = macosx;
			};
			name = Release;
		};
		6C0295C11EDC83AD000FE928 /* Debug */ = {
			isa = XCBuildConfiguration;
			buildSettings = {
				PRODUCT_NAME = "$(TARGET_NAME)";
			};
			name = Debug;
		};
		6C0295C21EDC83AD000FE928 /* Release */ = {
			isa = XCBuildConfiguration;
			buildSettings = {
				PRODUCT_NAME = "$(TARGET_NAME)";
			};
			name = Release;
		};
/* End XCBuildConfiguration section */

/* Begin XCConfigurationList section */
		6C0295B41EDC83AD000FE928 /* Build configuration list for PBXProject "Prog Abs" */ = {
			isa = XCConfigurationList;
			buildConfigurations = (
				6C0295BE1EDC83AD000FE928 /* Debug */,
				6C0295BF1EDC83AD000FE928 /* Release */,
			);
			defaultConfigurationIsVisible = 0;
			defaultConfigurationName = Release;
		};
		6C0295C01EDC83AD000FE928 /* Build configuration list for PBXNativeTarget "Main" */ = {
			isa = XCConfigurationList;
			buildConfigurations = (
				6C0295C11EDC83AD000FE928 /* Debug */,
				6C0295C21EDC83AD000FE928 /* Release */,
			);
			defaultConfigurationIsVisible = 0;
			defaultConfigurationName = Release;
		};
/* End XCConfigurationList section */
	};
	rootObject = 6C0295B11EDC83AD000FE928 /* Project object */;
}
