// !$*UTF8*$!
{
	archiveVersion = 1;
	classes = {
	};
	objectVersion = 46;
	objects = {

/* Begin PBXBuildFile section */
		6C0295C41EDC866C000FE928 /* StructureExample.cpp in Sources */ = {isa = PBXBuildFile; fileRef = 6C0295C31EDC866C000FE928 /* StructureExample.cpp */; };
		6C0295C61EDC89D5000FE928 /* HelloWorld.cpp in Sources */ = {isa = PBXBuildFile; fileRef = 6C0295BC1EDC83AD000FE928 /* HelloWorld.cpp */; };
/* End PBXBuildFile section */

/* Begin PBXCopyFilesBuildPhase section */
		6C0295B71EDC83AD000FE928 /* CopyFiles */ = {
			isa = PBXCopyFilesBuildPhase;
			buildActionMask = 2147483647;
			dstPath = /usr/share/man/man1/;
			dstSubfolderSpec = 0;
			files = (
			);
			runOnlyForDeploymentPostprocessing = 1;
		};
/* End PBXCopyFilesBuildPhase section */

/* Begin PBXFileReference section */
		6C0295B91EDC83AD000FE928 /* Prog Abs */ = {isa = PBXFileReference; explicitFileType = "compiled.mach-o.executable"; includeInIndex = 0; path = "Prog Abs"; sourceTree = BUILT_PRODUCTS_DIR; };
		6C0295BC1EDC83AD000FE928 /* HelloWorld.cpp */ = {isa = PBXFileReference; lastKnownFileType = sourcecode.cpp.cpp; path = HelloWorld.cpp; sourceTree = "<group>"; };
		6C0295C31EDC866C000FE928 /* StructureExample.cpp */ = {isa = PBXFileReference; fileEncoding = 4; lastKnownFileType = sourcecode.cpp.cpp; path = StructureExample.cpp; sourceTree = "<group>"; };
/* End PBXFileReference section */

/* Begin PBXFrameworksBuildPhase section */
		6C0295B61EDC83AD000FE928 /* Frameworks */ = {
			isa = PBXFrameworksBuildPhase;
			buildActionMask = 2147483647;
			files = (
			);
			runOnlyForDeploymentPostprocessing = 0;
		};
/* End PBXFrameworksBuildPhase section */

/* Begin PBXGroup section */
		6C0295B01EDC83AD000FE928 = {
			isa = PBXGroup;
			children = (
				6C0295C51EDC89A6000FE928 /* StructureExample */,
				6C0295BB1EDC83AD000FE928 /* Hello World */,
				6C0295BA1EDC83AD000FE928 /* Products */,
			);
			sourceTree = "<group>";
		};
		6C0295BA1EDC83AD000FE928 /* Products */ = {
			isa = PBXGroup;
			children = (
				6C0295B91EDC83AD000FE928 /* Prog Abs */,
			);
			name = Products;
			sourceTree = "<group>";
		};
		6C0295BB1EDC83AD000FE928 /* Hello World */ = {
			isa = PBXGroup;
			children = (
				6C0295BC1EDC83AD000FE928 /* HelloWorld.cpp */,
			);
			name = "Hello World";
			path = "Prog Abs";
			sourceTree = "<group>";
		};
		6C0295C51EDC89A6000FE928 /* StructureExample */ = {
			isa = PBXGroup;
			children = (
				6C0295C31EDC866C000FE928 /* StructureExample.cpp */,
			);
			name = StructureExample;
			path = "Prog Abs";
			sourceTree = "<group>";
		};
/* End PBXGroup section */

/* Begin PBXNativeTarget section */
		6C0295B81EDC83AD000FE928 /* Prog Abs */ = {
			isa = PBXNativeTarget;
			buildConfigurationList = 6C0295C01EDC83AD000FE928 /* Build configuration list for PBXNativeTarget "Prog Abs" */;
			buildPhases = (
				6C0295B51EDC83AD000FE928 /* Sources */,
				6C0295B61EDC83AD000FE928 /* Frameworks */,
				6C0295B71EDC83AD000FE928 /* CopyFiles */,
			);
			buildRules = (
			);
			dependencies = (
			);
			name = "Prog Abs";
			productName = "Prog Abs";
			productReference = 6C0295B91EDC83AD000FE928 /* Prog Abs */;
			productType = "com.apple.product-type.tool";
		};
/* End PBXNativeTarget section */

/* Begin PBXProject section */
		6C0295B11EDC83AD000FE928 /* Project object */ = {
			isa = PBXProject;
			attributes = {
				LastUpgradeCheck = 0820;
				ORGANIZATIONNAME = "Francisco Utrera";
				TargetAttributes = {
					6C0295B81EDC83AD000FE928 = {
						CreatedOnToolsVersion = 8.2.1;
						ProvisioningStyle = Automatic;
					};
				};
			};
			buildConfigurationList = 6C0295B41EDC83AD000FE928 /* Build configuration list for PBXProject "Prog Abs" */;
			compatibilityVersion = "Xcode 3.2";
			developmentRegion = English;
			hasScannedForEncodings = 0;
			knownRegions = (
				en,
			);
			mainGroup = 6C0295B01EDC83AD000FE928;
			productRefGroup = 6C0295BA1EDC83AD000FE928 /* Products */;
			projectDirPath = "";
			projectRoot = "";
			targets = (
				6C0295B81EDC83AD000FE928 /* Prog Abs */,
			);
		};
/* End PBXProject section */

/* Begin PBXSourcesBuildPhase section */
		6C0295B51EDC83AD000FE928 /* Sources */ = {
			isa = PBXSourcesBuildPhase;
			buildActionMask = 2147483647;
			files = (
				6C0295C41EDC866C000FE928 /* StructureExample.cpp in Sources */,
				6C0295C61EDC89D5000FE928 /* HelloWorld.cpp in Sources */,
			);
			runOnlyForDeploymentPostprocessing = 0;
		};
/* End PBXSourcesBuildPhase section */

/* Begin XCBuildConfiguration section */
		6C0295BE1EDC83AD000FE928 /* Debug */ = {
			isa = XCBuildConfiguration;
			buildSettings = {
				ALWAYS_SEARCH_USER_PATHS = NO;
				CLANG_ANALYZER_NONNULL = YES;
				CLANG_CXX_LANGUAGE_STANDARD = "gnu++0x";
				CLANG_CXX_LIBRARY = "libc++";
				CLANG_ENABLE_MODULES = YES;
				CLANG_ENABLE_OBJC_ARC = YES;
				CLANG_WARN_BOOL_CONVERSION = YES;
				CLANG_WARN_CONSTANT_CONVERSION = YES;
				CLANG_WARN_DIRECT_OBJC_ISA_USAGE = YES_ERROR;
				CLANG_WARN_DOCUMENTATION_COMMENTS = YES;
				CLANG_WARN_EMPTY_BODY = YES;
				CLANG_WARN_ENUM_CONVERSION = YES;
				CLANG_WARN_INFINITE_RECURSION = YES;
				CLANG_WARN_INT_CONVERSION = YES;
				CLANG_WARN_OBJC_ROOT_CLASS = YES_ERROR;
				CLANG_WARN_SUSPICIOUS_MOVE = YES;
				CLANG_WARN_UNREACHABLE_CODE = YES;
				CLANG_WARN__DUPLICATE_METHOD_MATCH = YES;
				CODE_SIGN_IDENTITY = "-";
				COPY_PHASE_STRIP = NO;
				DEBUG_INFORMATION_FORMAT = dwarf;
				ENABLE_STRICT_OBJC_MSGSEND = YES;
				ENABLE_TESTABILITY = YES;
				GCC_C_LANGUAGE_STANDARD = gnu99;
				GCC_DYNAMIC_NO_PIC = NO;
				GCC_NO_COMMON_BLOCKS = YES;
				GCC_OPTIMIZATION_LEVEL = 0;
				GCC_PREPROCESSOR_DEFINITIONS = (
					"DEBUG=1",
					"$(inherited)",
				);
				GCC_WARN_64_TO_32_BIT_CONVERSION = YES;
				GCC_WARN_ABOUT_RETURN_TYPE = YES_ERROR;
				GCC_WARN_UNDECLARED_SELECTOR = YES;
				GCC_WARN_UNINITIALIZED_AUTOS = YES_AGGRESSIVE;
				GCC_WARN_UNUSED_FUNCTION = YES;
				GCC_WARN_UNUSED_VARIABLE = YES;
				MACOSX_DEPLOYMENT_TARGET = 10.11;
				MTL_ENABLE_DEBUG_INFO = YES;
				ONLY_ACTIVE_ARCH = YES;
				SDKROOT = macosx;
			};
			name = Debug;
		};
		6C0295BF1EDC83AD000FE928 /* Release */ = {
			isa = XCBuildConfiguration;
			buildSettings = {
				ALWAYS_SEARCH_USER_PATHS = NO;
				CLANG_ANALYZER_NONNULL = YES;
				CLANG_CXX_LANGUAGE_STANDARD = "gnu++0x";
				CLANG_CXX_LIBRARY = "libc++";
				CLANG_ENABLE_MODULES = YES;
				CLANG_ENABLE_OBJC_ARC = YES;
				CLANG_WARN_BOOL_CONVERSION = YES;
				CLANG_WARN_CONSTANT_CONVERSION = YES;
				CLANG_WARN_DIRECT_OBJC_ISA_USAGE = YES_ERROR;
				CLANG_WARN_DOCUMENTATION_COMMENTS = YES;
				CLANG_WARN_EMPTY_BODY = YES;
				CLANG_WARN_ENUM_CONVERSION = YES;
				CLANG_WARN_INFINITE_RECURSION = YES;
				CLANG_WARN_INT_CONVERSION = YES;
				CLANG_WARN_OBJC_ROOT_CLASS = YES_ERROR;
				CLANG_WARN_SUSPICIOUS_MOVE = YES;
				CLANG_WARN_UNREACHABLE_CODE = YES;
				CLANG_WARN__DUPLICATE_METHOD_MATCH = YES;
				CODE_SIGN_IDENTITY = "-";
				COPY_PHASE_STRIP = NO;
				DEBUG_INFORMATION_FORMAT = "dwarf-with-dsym";
				ENABLE_NS_ASSERTIONS = NO;
				ENABLE_STRICT_OBJC_MSGSEND = YES;
				GCC_C_LANGUAGE_STANDARD = gnu99;
				GCC_NO_COMMON_BLOCKS = YES;
				GCC_WARN_64_TO_32_BIT_CONVERSION = YES;
				GCC_WARN_ABOUT_RETURN_TYPE = YES_ERROR;
				GCC_WARN_UNDECLARED_SELECTOR = YES;
				GCC_WARN_UNINITIALIZED_AUTOS = YES_AGGRESSIVE;
				GCC_WARN_UNUSED_FUNCTION = YES;
				GCC_WARN_UNUSED_VARIABLE = YES;
				MACOSX_DEPLOYMENT_TARGET = 10.11;
				MTL_ENABLE_DEBUG_INFO = NO;
				SDKROOT = macosx;
			};
			name = Release;
		};
		6C0295C11EDC83AD000FE928 /* Debug */ = {
			isa = XCBuildConfiguration;
			buildSettings = {
				PRODUCT_NAME = "$(TARGET_NAME)";
			};
			name = Debug;
		};
		6C0295C21EDC83AD000FE928 /* Release */ = {
			isa = XCBuildConfiguration;
			buildSettings = {
				PRODUCT_NAME = "$(TARGET_NAME)";
			};
			name = Release;
		};
/* End XCBuildConfiguration section */

/* Begin XCConfigurationList section */
		6C0295B41EDC83AD000FE928 /* Build configuration list for PBXProject "Prog Abs" */ = {
			isa = XCConfigurationList;
			buildConfigurations = (
				6C0295BE1EDC83AD000FE928 /* Debug */,
				6C0295BF1EDC83AD000FE928 /* Release */,
			);
			defaultConfigurationIsVisible = 0;
			defaultConfigurationName = Release;
		};
		6C0295C01EDC83AD000FE928 /* Build configuration list for PBXNativeTarget "Prog Abs" */ = {
			isa = XCConfigurationList;
			buildConfigurations = (
				6C0295C11EDC83AD000FE928 /* Debug */,
				6C0295C21EDC83AD000FE928 /* Release */,
			);
			defaultConfigurationIsVisible = 0;
		};
/* End XCConfigurationList section */
	};
	rootObject = 6C0295B11EDC83AD000FE928 /* Project object */;
}
